{
  "name": "xenforo-markdown",
  "version": "1.0.0",
  "lockfileVersion": 1,
  "requires": true,
  "dependencies": {
    "@types/jquery": {
      "version": "3.5.14",
      "resolved": "https://registry.npmmirror.com/@types/jquery/-/jquery-3.5.14.tgz",
      "integrity": "sha512-X1gtMRMbziVQkErhTQmSe2jFwwENA/Zr+PprCkF63vFq+Yt5PZ4AlKqgmeNlwgn7dhsXEK888eIW2520EpC+xg==",
      "dev": true,
      "requires": {
        "@types/sizzle": "*"
      }
    },
    "@types/prismjs": {
      "version": "1.26.0",
      "resolved": "https://registry.npmmirror.com/@types/prismjs/-/prismjs-1.26.0.tgz",
      "integrity": "sha512-ZTaqn/qSqUuAq1YwvOFQfVW1AR/oQJlLSZVustdjwI+GZ8kr0MSHBj0tsXPW1EqHubx50gtBEjbPGsdZwQwCjQ==",
      "dev": true
    },
    "@types/showdown": {
      "version": "1.9.4",
      "resolved": "https://registry.npmmirror.com/@types/showdown/-/showdown-1.9.4.tgz",
      "integrity": "sha512-50ehC3IAijfkvoNqmQ+VL73S7orOxmAK8ljQAFBv8o7G66lAZyxQj1L3BAv2dD86myLXI+sgKP1kcxAaxW356w==",
      "dev": true
    },
    "@types/sizzle": {
      "version": "2.3.3",
      "resolved": "https://registry.npmmirror.com/@types/sizzle/-/sizzle-2.3.3.tgz",
      "integrity": "sha512-JYM8x9EGF163bEyhdJBpR2QX1R5naCJHC8ucJylJ3w9/CVBaskdQ8WqBf8MmQrd1kRvp/a4TS8HJ+bxzR7ZJYQ==",
      "dev": true
    },
    "@types/underscore": {
      "version": "1.11.4",
      "resolved": "https://registry.npmmirror.com/@types/underscore/-/underscore-1.11.4.tgz",
      "integrity": "sha512-uO4CD2ELOjw8tasUrAhvnn2W4A0ZECOvMjCivJr4gA9pGgjv+qxKWY9GLTMVEK8ej85BxQOocUyE7hImmSQYcg==",
      "dev": true
    },
    "commander": {
      "version": "2.20.3",
      "resolved": "https://registry.npmmirror.com/commander/-/commander-2.20.3.tgz",
      "integrity": "sha512-GpVkmM8vF2vQUkj2LvZmD35JxeJOLCwJ9cUkugyk2nuhbv3+mJvpLYYt+0+USMxE+oj+ey/lJEnhZw75x/OMcQ=="
    },
    "cssfilter": {
      "version": "0.0.10",
      "resolved": "https://registry.npmmirror.com/cssfilter/-/cssfilter-0.0.10.tgz",
      "integrity": "sha512-FAaLDaplstoRsDR8XGYH51znUN0UY7nMc6Z9/fvE8EXGwvJE9hu7W2vHwx1+bd6gCYnln9nLbzxFTrcO9YQDZw=="
    },
    "esbuild": {
      "version": "0.14.25",
      "resolved": "https://registry.npmmirror.com/esbuild/-/esbuild-0.14.25.tgz",
      "integrity": "sha512-4JHEIOMNFvK09ziiL+iVmldIhLbn49V4NAVo888tcGFKedEZY/Y8YapfStJ6zSE23tzYPKxqKwQBnQoIO0BI/Q==",
      "dev": true,
      "requires": {
        "esbuild-android-64": "0.14.25",
        "esbuild-android-arm64": "0.14.25",
        "esbuild-darwin-64": "0.14.25",
        "esbuild-darwin-arm64": "0.14.25",
        "esbuild-freebsd-64": "0.14.25",
        "esbuild-freebsd-arm64": "0.14.25",
        "esbuild-linux-32": "0.14.25",
        "esbuild-linux-64": "0.14.25",
        "esbuild-linux-arm": "0.14.25",
        "esbuild-linux-arm64": "0.14.25",
        "esbuild-linux-mips64le": "0.14.25",
        "esbuild-linux-ppc64le": "0.14.25",
        "esbuild-linux-riscv64": "0.14.25",
        "esbuild-linux-s390x": "0.14.25",
        "esbuild-netbsd-64": "0.14.25",
        "esbuild-openbsd-64": "0.14.25",
        "esbuild-sunos-64": "0.14.25",
        "esbuild-windows-32": "0.14.25",
        "esbuild-windows-64": "0.14.25",
        "esbuild-windows-arm64": "0.14.25"
      }
    },
    "esbuild-android-64": {
      "version": "0.14.25",
      "resolved": "https://registry.npmmirror.com/esbuild-android-64/-/esbuild-android-64-0.14.25.tgz",
      "integrity": "sha512-L5vCUk7TzFbBnoESNoXjU3x9+/+7TDIE/1mTfy/erAfvZAqC+S3sp/Qa9wkypFMcFvN9FzvESkTlpeQDolREtQ==",
      "dev": true,
      "optional": true
    },
    "esbuild-android-arm64": {
      "version": "0.14.25",
      "resolved": "https://registry.npmmirror.com/esbuild-android-arm64/-/esbuild-android-arm64-0.14.25.tgz",
      "integrity": "sha512-4jv5xPjM/qNm27T5j3ZEck0PvjgQtoMHnz4FzwF5zNP56PvY2CT0WStcAIl6jNlsuDdN63rk2HRBIsO6xFbcFw==",
      "dev": true,
      "optional": true
    },
    "esbuild-darwin-64": {
      "version": "0.14.25",
      "resolved": "https://registry.npmmirror.com/esbuild-darwin-64/-/esbuild-darwin-64-0.14.25.tgz",
      "integrity": "sha512-TGp8tuudIxOyWd1+8aYPxQmC1ZQyvij/AfNBa35RubixD0zJ1vkKHVAzo0Zao1zcG6pNqiSyzfPto8vmg0s7oA==",
      "dev": true,
      "optional": true
    },
    "esbuild-darwin-arm64": {
      "version": "0.14.25",
      "resolved": "https://registry.npmmirror.com/esbuild-darwin-arm64/-/esbuild-darwin-arm64-0.14.25.tgz",
      "integrity": "sha512-oTcDgdm0MDVEmw2DWu8BV68pYuImpFgvWREPErBZmNA4MYKGuBRaCiJqq6jZmBR1x+3y1DWCjez+5uLtuAm6mw==",
      "dev": true,
      "optional": true
    },
    "esbuild-freebsd-64": {
      "version": "0.14.25",
      "resolved": "https://registry.npmmirror.com/esbuild-freebsd-64/-/esbuild-freebsd-64-0.14.25.tgz",
      "integrity": "sha512-ueAqbnMZ8arnuLH8tHwTCQYeptnHOUV7vA6px6j4zjjQwDx7TdP7kACPf3TLZLdJQ3CAD1XCvQ2sPhX+8tacvQ==",
      "dev": true,
      "optional": true
    },
    "esbuild-freebsd-arm64": {
      "version": "0.14.25",
      "resolved": "https://registry.npmmirror.com/esbuild-freebsd-arm64/-/esbuild-freebsd-arm64-0.14.25.tgz",
      "integrity": "sha512-+ZVWud2HKh+Ob6k/qiJWjBtUg4KmJGGmbvEXXW1SNKS7hW7HU+Zq2ZCcE1akFxOPkVB+EhOty/sSek30tkCYug==",
      "dev": true,
      "optional": true
    },
    "esbuild-linux-32": {
      "version": "0.14.25",
      "resolved": "https://registry.npmmirror.com/esbuild-linux-32/-/esbuild-linux-32-0.14.25.tgz",
      "integrity": "sha512-3OP/lwV3kCzEz45tobH9nj+uE4ubhGsfx+tn0L26WAGtUbmmcRpqy7XRG/qK7h1mClZ+eguIANcQntYMdYklfw==",
      "dev": true,
      "optional": true
    },
    "esbuild-linux-64": {
      "version": "0.14.25",
      "resolved": "https://registry.npmmirror.com/esbuild-linux-64/-/esbuild-linux-64-0.14.25.tgz",
      "integrity": "sha512-+aKHdHZmX9qwVlQmu5xYXh7GsBFf4TWrePgeJTalhXHOG7NNuUwoHmketGiZEoNsWyyqwH9rE5BC+iwcLY30Ug==",
      "dev": true,
      "optional": true
    },
    "esbuild-linux-arm": {
      "version": "0.14.25",
      "resolved": "https://registry.npmmirror.com/esbuild-linux-arm/-/esbuild-linux-arm-0.14.25.tgz",
      "integrity": "sha512-aTLcE2VBoLydL943REcAcgnDi3bHtmULSXWLbjtBdtykRatJVSxKMjK9YlBXUZC4/YcNQfH7AxwVeQr9fNxPhw==",
      "dev": true,
      "optional": true
    },
    "esbuild-linux-arm64": {
      "version": "0.14.25",
      "resolved": "https://registry.npmmirror.com/esbuild-linux-arm64/-/esbuild-linux-arm64-0.14.25.tgz",
      "integrity": "sha512-UxfenPx/wSZx55gScCImPtXekvZQLI2GW3qe5dtlmU7luiqhp5GWPzGeQEbD3yN3xg/pHc671m5bma5Ns7lBHw==",
      "dev": true,
      "optional": true
    },
    "esbuild-linux-mips64le": {
      "version": "0.14.25",
      "resolved": "https://registry.npmmirror.com/esbuild-linux-mips64le/-/esbuild-linux-mips64le-0.14.25.tgz",
      "integrity": "sha512-wLWYyqVfYx9Ur6eU5RT92yJVsaBGi5RdkoWqRHOqcJ38Kn60QMlcghsKeWfe9jcYut8LangYZ98xO1LxIoSXrQ==",
      "dev": true,
      "optional": true
    },
    "esbuild-linux-ppc64le": {
      "version": "0.14.25",
      "resolved": "https://registry.npmmirror.com/esbuild-linux-ppc64le/-/esbuild-linux-ppc64le-0.14.25.tgz",
      "integrity": "sha512-0dR6Csl6Zas3g4p9ULckEl8Mo8IInJh33VCJ3eaV1hj9+MHGdmDOakYMN8MZP9/5nl+NU/0ygpd14cWgy8uqRw==",
      "dev": true,
      "optional": true
    },
    "esbuild-linux-riscv64": {
      "version": "0.14.25",
      "resolved": "https://registry.npmmirror.com/esbuild-linux-riscv64/-/esbuild-linux-riscv64-0.14.25.tgz",
      "integrity": "sha512-J4d20HDmTrgvhR0bdkDhvvJGaikH3LzXQnNaseo8rcw9Yqby9A90gKUmWpfwqLVNRILvNnAmKLfBjCKU9ajg8w==",
      "dev": true,
      "optional": true
    },
    "esbuild-linux-s390x": {
      "version": "0.14.25",
      "resolved": "https://registry.npmmirror.com/esbuild-linux-s390x/-/esbuild-linux-s390x-0.14.25.tgz",
      "integrity": "sha512-YI2d5V6nTE73ZnhEKQD7MtsPs1EtUZJ3obS21oxQxGbbRw1G+PtJKjNyur+3t6nzHP9oTg6GHQ3S3hOLLmbDIQ==",
      "dev": true,
      "optional": true
    },
    "esbuild-netbsd-64": {
      "version": "0.14.25",
      "resolved": "https://registry.npmmirror.com/esbuild-netbsd-64/-/esbuild-netbsd-64-0.14.25.tgz",
      "integrity": "sha512-TKIVgNWLUOkr+Exrye70XTEE1lJjdQXdM4tAXRzfHE9iBA7LXWcNtVIuSnphTqpanPzTDFarF0yqq4kpbC6miA==",
      "dev": true,
      "optional": true
    },
    "esbuild-openbsd-64": {
      "version": "0.14.25",
      "resolved": "https://registry.npmmirror.com/esbuild-openbsd-64/-/esbuild-openbsd-64-0.14.25.tgz",
      "integrity": "sha512-QgFJ37A15D7NIXBTYEqz29+uw3nNBOIyog+3kFidANn6kjw0GHZ0lEYQn+cwjyzu94WobR+fes7cTl/ZYlHb1A==",
      "dev": true,
      "optional": true
    },
    "esbuild-sunos-64": {
      "version": "0.14.25",
      "resolved": "https://registry.npmmirror.com/esbuild-sunos-64/-/esbuild-sunos-64-0.14.25.tgz",
      "integrity": "sha512-rmWfjUItYIVlqr5EnTH1+GCxXiBOC42WBZ3w++qh7n2cS9Xo0lO5pGSG2N+huOU2fX5L+6YUuJ78/vOYvefeFw==",
      "dev": true,
      "optional": true
    },
    "esbuild-windows-32": {
      "version": "0.14.25",
      "resolved": "https://registry.npmmirror.com/esbuild-windows-32/-/esbuild-windows-32-0.14.25.tgz",
      "integrity": "sha512-HGAxVUofl3iUIz9W10Y9XKtD0bNsK9fBXv1D55N/ljNvkrAYcGB8YCm0v7DjlwtyS6ws3dkdQyXadbxkbzaKOA==",
      "dev": true,
      "optional": true
    },
    "esbuild-windows-64": {
      "version": "0.14.25",
      "resolved": "https://registry.npmmirror.com/esbuild-windows-64/-/esbuild-windows-64-0.14.25.tgz",
      "integrity": "sha512-TirEohRkfWU9hXLgoDxzhMQD1g8I2mOqvdQF2RS9E/wbkORTAqJHyh7wqGRCQAwNzdNXdg3JAyhQ9/177AadWA==",
      "dev": true,
      "optional": true
    },
    "esbuild-windows-arm64": {
      "version": "0.14.25",
      "resolved": "https://registry.npmmirror.com/esbuild-windows-arm64/-/esbuild-windows-arm64-0.14.25.tgz",
      "integrity": "sha512-4ype9ERiI45rSh+R8qUoBtaj6kJvUOI7oVLhKqPEpcF4Pa5PpT3hm/mXAyotJHREkHpM87PAJcA442mLnbtlNA==",
      "dev": true,
      "optional": true
    },
    "jquery": {
      "version": "3.6.0",
      "resolved": "https://registry.npmmirror.com/jquery/-/jquery-3.6.0.tgz",
      "integrity": "sha512-JVzAR/AjBvVt2BmYhxRCSYysDsPcssdmTFnzyLEts9qNwmjmu4JTAMYubEfwVOSwpQ1I1sKKFcxhZCI2buerfw=="
    },
    "prismjs": {
      "version": "1.27.0",
      "resolved": "https://registry.npmmirror.com/prismjs/-/prismjs-1.27.0.tgz",
      "integrity": "sha512-t13BGPUlFDR7wRB5kQDG4jjl7XeuH6jbJGt11JHPL96qwsEHNX2+68tFXqc1/k+/jALsbSWJKUOT/hcYAZ5LkA=="
    },
    "showdown": {
      "version": "2.0.3",
      "resolved": "https://registry.npmmirror.com/showdown/-/showdown-2.0.3.tgz",
      "integrity": "sha512-jHytkv5c5YFTAOYIIaTT1zLL/aC+7C1FiP0CIGQozhHnnFSbor1oYkaNqWFL6CpB3zJNPPSxJrAlsHgzN14knQ==",
      "requires": {
        "commander": "^9.0.0"
      },
      "dependencies": {
        "commander": {
          "version": "9.0.0",
          "resolved": "https://registry.npmmirror.com/commander/-/commander-9.0.0.tgz",
          "integrity": "sha512-JJfP2saEKbQqvW+FI93OYUB4ByV5cizMpFMiiJI8xDbBvQvSkIk0VvQdn1CZ8mqAO8Loq2h0gYTYtDFUZUeERw=="
        }
      }
    },
    "uglify-js": {
      "version": "3.15.3",
      "resolved": "https://registry.npmmirror.com/uglify-js/-/uglify-js-3.15.3.tgz",
      "integrity": "sha512-6iCVm2omGJbsu3JWac+p6kUiOpg3wFO2f8lIXjfEb8RrmLjzog1wTPMmwKB7swfzzqxj9YM+sGUM++u1qN4qJg==",
      "dev": true
    },
    "underscore": {
      "version": "1.13.4",
      "resolved": "https://registry.npmmirror.com/underscore/-/underscore-1.13.4.tgz",
      "integrity": "sha512-BQFnUDuAQ4Yf/cYY5LNrK9NCJFKriaRbD9uR1fTeXnBeoa97W0i41qkZfGO9pSo8I5KzjAcSY2XYtdf0oKd7KQ=="
    },
    "xss": {
      "version": "1.0.11",
      "resolved": "https://registry.npmmirror.com/xss/-/xss-1.0.11.tgz",
      "integrity": "sha512-EimjrjThZeK2MO7WKR9mN5ZC1CSqivSl55wvUK5EtU6acf0rzEE1pN+9ZDrFXJ82BRp3JL38pPE6S4o/rpp1zQ==",
      "requires": {
        "commander": "^2.20.3",
        "cssfilter": "0.0.10"
      }
    }
  }
}
